<?xml version="1.0" encoding="utf-8"?>
<Project ToolsVersion="4.0" xmlns="http://schemas.microsoft.com/developer/msbuild/2003">
  <ItemGroup>
    <Filter Include="Source Files">
      <UniqueIdentifier>{4FC737F1-C7A5-4376-A066-2A32D752A2FF}</UniqueIdentifier>
      <Extensions>cpp;c;cc;cxx;def;odl;idl;hpj;bat;asm;asmx</Extensions>
    </Filter>
    <Filter Include="Header Files">
      <UniqueIdentifier>{93995380-89BD-4b04-88EB-625FBE52EBFB}</UniqueIdentifier>
      <Extensions>h;hh;hpp;hxx;hm;inl;inc;ipp;xsd</Extensions>
    </Filter>
    <Filter Include="Resource Files">
      <UniqueIdentifier>{67DA6AB6-F800-4c08-8B7A-83BB121AAD01}</UniqueIdentifier>
      <Extensions>rc;ico;cur;bmp;dlg;rc2;rct;bin;rgs;gif;jpg;jpeg;jpe;resx;tiff;tif;png;wav;mfcribbon-ms</Extensions>
    </Filter>
    <Filter Include="Header Files\Rendering">
      <UniqueIdentifier>{99ad2048-c02b-47cf-b9cb-9a7beb6a4872}</UniqueIdentifier>
    </Filter>
    <Filter Include="Source Files\Rendering">
      <UniqueIdentifier>{9790d44e-26d1-4157-af6c-e83609b9f04e}</UniqueIdentifier>
    </Filter>
    <Filter Include="Source Files\Entity">
      <UniqueIdentifier>{da021d28-ed11-4563-8e09-380988d5900f}</UniqueIdentifier>
    </Filter>
    <Filter Include="Header Files\Entity">
      <UniqueIdentifier>{ec360a82-4304-4663-84e4-e685e495540a}</UniqueIdentifier>
    </Filter>
    <Filter Include="Header Files\Entity\Entities">
      <UniqueIdentifier>{f486f35b-8997-4664-bc11-9d97d2d464d9}</UniqueIdentifier>
    </Filter>
    <Filter Include="Source Files\Entity\Entities">
      <UniqueIdentifier>{f1d42a08-8ba0-4348-a49f-3f378cb051b2}</UniqueIdentifier>
    </Filter>
    <Filter Include="Source Files\GUI">
      <UniqueIdentifier>{587ed515-ab09-4eff-a8bb-29bf9e0e7220}</UniqueIdentifier>
    </Filter>
    <Filter Include="Header Files\GUI">
      <UniqueIdentifier>{80991a33-9624-4b42-8983-a4aa0fbece1f}</UniqueIdentifier>
    </Filter>
    <Filter Include="Resource Files\Resources">
      <UniqueIdentifier>{3216f640-e8ec-4d65-b42b-9dc397bb6afc}</UniqueIdentifier>
    </Filter>
    <Filter Include="Source Files\Handling">
      <UniqueIdentifier>{6d621ddb-ad66-468c-b830-7aba6c3e4d6d}</UniqueIdentifier>
    </Filter>
    <Filter Include="Header Files\Handling">
      <UniqueIdentifier>{d05d2079-7891-49ca-b3f9-03546bb381fe}</UniqueIdentifier>
    </Filter>
  </ItemGroup>
  <ItemGroup>
    <ClCompile Include="Start.cpp">
      <Filter>Source Files</Filter>
    </ClCompile>
    <ClCompile Include="Wave.cpp">
      <Filter>Source Files</Filter>
    </ClCompile>
    <ClCompile Include="MenuRenderer.cpp">
      <Filter>Source Files\Rendering</Filter>
    </ClCompile>
    <ClCompile Include="InputHandler.cpp">
      <Filter>Source Files\Handling</Filter>
    </ClCompile>
    <ClCompile Include="EntityHandler.cpp">
      <Filter>Source Files\Entity</Filter>
    </ClCompile>
    <ClCompile Include="MenuParticleEntity.cpp">
      <Filter>Source Files\Entity\Entities</Filter>
    </ClCompile>
    <ClCompile Include="TrailEntity.cpp">
      <Filter>Source Files\Entity\Entities</Filter>
    </ClCompile>
    <ClCompile Include="PlayerEntity.cpp">
      <Filter>Source Files\Entity\Entities</Filter>
    </ClCompile>
    <ClCompile Include="HUD.cpp">
      <Filter>Source Files\Rendering</Filter>
    </ClCompile>
    <ClCompile Include="BasicEnemy.cpp">
      <Filter>Source Files\Entity\Entities</Filter>
    </ClCompile>
    <ClCompile Include="FastEnemy.cpp">
      <Filter>Source Files\Entity\Entities</Filter>
    </ClCompile>
    <ClCompile Include="Button.cpp">
      <Filter>Source Files\GUI</Filter>
    </ClCompile>
    <ClCompile Include="Slider.cpp">
      <Filter>Source Files\GUI</Filter>
    </ClCompile>
    <ClCompile Include="Checkbox.cpp">
      <Filter>Source Files\GUI</Filter>
    </ClCompile>
    <ClCompile Include="Arrow.cpp">
      <Filter>Source Files\GUI</Filter>
    </ClCompile>
    <ClCompile Include="SoundHandler.cpp">
      <Filter>Source Files\Handling</Filter>
    </ClCompile>
    <ClCompile Include="SmartEnemy.cpp">
      <Filter>Source Files\Entity\Entities</Filter>
    </ClCompile>
    <ClCompile Include="LaserEntity.cpp">
      <Filter>Source Files\Entity\Entities</Filter>
    </ClCompile>
  </ItemGroup>
  <ItemGroup>
    <ClInclude Include="Wave.h">
      <Filter>Header Files</Filter>
    </ClInclude>
    <ClInclude Include="STATE.h">
      <Filter>Header Files</Filter>
    </ClInclude>
    <ClInclude Include="MenuRenderer.h">
      <Filter>Header Files\Rendering</Filter>
    </ClInclude>
    <ClInclude Include="InputHandler.h">
      <Filter>Header Files\Handling</Filter>
    </ClInclude>
    <ClInclude Include="EntityHandler.h">
      <Filter>Header Files\Entity</Filter>
    </ClInclude>
    <ClInclude Include="resource.h">
      <Filter>Resource Files\Resources</Filter>
    </ClInclude>
    <ClInclude Include="resource1.h">
      <Filter>Resource Files\Resources</Filter>
    </ClInclude>
    <ClInclude Include="MenuParticleEntity.h">
      <Filter>Header Files\Entity\Entities</Filter>
    </ClInclude>
    <ClInclude Include="TrailEntity.h">
      <Filter>Header Files\Entity\Entities</Filter>
    </ClInclude>
    <ClInclude Include="Entity.hpp">
      <Filter>Header Files\Entity</Filter>
    </ClInclude>
    <ClInclude Include="PlayerEntity.h">
      <Filter>Header Files\Entity\Entities</Filter>
    </ClInclude>
    <ClInclude Include="HUD.h">
      <Filter>Header Files\Rendering</Filter>
    </ClInclude>
    <ClInclude Include="Timer.hpp">
      <Filter>Header Files</Filter>
    </ClInclude>
    <ClInclude Include="BasicEnemy.h">
      <Filter>Header Files\Entity\Entities</Filter>
    </ClInclude>
    <ClInclude Include="FastEnemy.h">
      <Filter>Header Files\Entity\Entities</Filter>
    </ClInclude>
    <ClInclude Include="Button.h">
      <Filter>Header Files\GUI</Filter>
    </ClInclude>
    <ClInclude Include="Slider.h">
      <Filter>Header Files\GUI</Filter>
    </ClInclude>
    <ClInclude Include="Checkbox.h">
      <Filter>Header Files\GUI</Filter>
    </ClInclude>
    <ClInclude Include="Arrow.h">
      <Filter>Header Files\GUI</Filter>
    </ClInclude>
    <ClInclude Include="SoundHandler.h">
      <Filter>Header Files\Handling</Filter>
    </ClInclude>
    <ClInclude Include="SmartEnemy.h">
      <Filter>Header Files\Entity\Entities</Filter>
    </ClInclude>
    <ClInclude Include="LaserEntity.h">
      <Filter>Header Files\Entity\Entities</Filter>
    </ClInclude>
  </ItemGroup>
  <ItemGroup>
    <ResourceCompile Include="Wave.rc">
      <Filter>Resource Files</Filter>
    </ResourceCompile>
  </ItemGroup>
  <ItemGroup>
    <Image Include="wave.ico">
      <Filter>Resource Files</Filter>
    </Image>
  </ItemGroup>
</Project>